
Microsoft Visual Studio Solution File, Format Version 12.00
Project("{FAE04EC0-301F-11D3-BF4B-00C04F79EFBC}") = "GallerySiteBackend", "GallerySiteBackend\GallerySiteBackend.csproj", "{A857029E-A4D9-422C-A905-CD402C300C2D}"
EndProject
Project("{FAE04EC0-301F-11D3-BF4B-00C04F79EFBC}") = "GallerySiteUnitTests", "GallerySiteUnitTests\GallerySiteUnitTests.csproj", "{6CAC231A-25A4-4F76-8C9C-C69A03203F90}"
EndProject
Project("{FAE04EC0-301F-11D3-BF4B-00C04F79EFBC}") = "LoggerService", "LoggerService\LoggerService.csproj", "{21F06CFE-46F2-49A2-9F94-464E3CB7D7CE}"
EndProject
Project("{FAE04EC0-301F-11D3-BF4B-00C04F79EFBC}") = "Contracts", "Contracts\Contracts.csproj", "{38C64FF8-3CC7-41CB-98C6-50FF8B5B2FAA}"
EndProject
Project("{FAE04EC0-301F-11D3-BF4B-00C04F79EFBC}") = "Entities", "Entities\Entities.csproj", "{58B9AB78-9B5F-4F84-A1FE-E6D5E09D7959}"
EndProject
Project("{FAE04EC0-301F-11D3-BF4B-00C04F79EFBC}") = "Repository", "Repository\Repository.csproj", "{593F5928-F3CA-4E6E-B8B4-99649DC5FF03}"
EndProject
Project("{FAE04EC0-301F-11D3-BF4B-00C04F79EFBC}") = "Service.Contracts", "Service.Contracts\Service.Contracts.csproj", "{BAB6A70A-50DD-43A7-825C-8DD2D7FDB590}"
EndProject
Project("{FAE04EC0-301F-11D3-BF4B-00C04F79EFBC}") = "Service", "Service\Service.csproj", "{9516B524-6932-4C6F-9E0F-F22149FBA2E6}"
EndProject
Project("{FAE04EC0-301F-11D3-BF4B-00C04F79EFBC}") = "GallerySiteBackend.Presentation", "GallerySiteBackend.Presentation\GallerySiteBackend.Presentation.csproj", "{2BD032F0-D936-472A-B51B-1383357A3A9F}"
EndProject
Project("{FAE04EC0-301F-11D3-BF4B-00C04F79EFBC}") = "Shared", "Shared\Shared.csproj", "{6B500834-D256-4DEB-98A0-7AA38E67D4E7}"
EndProject
Project("{2150E333-8FDC-42A3-9474-1A3956D46DE8}") = "Solution Items", "Solution Items", "{7AB1A8EC-A7B2-493F-BCE1-FF0317EF8109}"
	ProjectSection(SolutionItems) = preProject
		docker-compose.yml = docker-compose.yml
		Dockerfile = Dockerfile
		.dockerignore = .dockerignore
	EndProjectSection
EndProject
Global
	GlobalSection(SolutionConfigurationPlatforms) = preSolution
		Debug|Any CPU = Debug|Any CPU
		Release|Any CPU = Release|Any CPU
	EndGlobalSection
	GlobalSection(ProjectConfigurationPlatforms) = postSolution
		{A857029E-A4D9-422C-A905-CD402C300C2D}.Debug|Any CPU.ActiveCfg = Debug|Any CPU
		{A857029E-A4D9-422C-A905-CD402C300C2D}.Debug|Any CPU.Build.0 = Debug|Any CPU
		{A857029E-A4D9-422C-A905-CD402C300C2D}.Release|Any CPU.ActiveCfg = Release|Any CPU
		{A857029E-A4D9-422C-A905-CD402C300C2D}.Release|Any CPU.Build.0 = Release|Any CPU
		{6CAC231A-25A4-4F76-8C9C-C69A03203F90}.Debug|Any CPU.ActiveCfg = Debug|Any CPU
		{6CAC231A-25A4-4F76-8C9C-C69A03203F90}.Debug|Any CPU.Build.0 = Debug|Any CPU
		{6CAC231A-25A4-4F76-8C9C-C69A03203F90}.Release|Any CPU.ActiveCfg = Release|Any CPU
		{6CAC231A-25A4-4F76-8C9C-C69A03203F90}.Release|Any CPU.Build.0 = Release|Any CPU
		{21F06CFE-46F2-49A2-9F94-464E3CB7D7CE}.Debug|Any CPU.ActiveCfg = Debug|Any CPU
		{21F06CFE-46F2-49A2-9F94-464E3CB7D7CE}.Debug|Any CPU.Build.0 = Debug|Any CPU
		{21F06CFE-46F2-49A2-9F94-464E3CB7D7CE}.Release|Any CPU.ActiveCfg = Release|Any CPU
		{21F06CFE-46F2-49A2-9F94-464E3CB7D7CE}.Release|Any CPU.Build.0 = Release|Any CPU
		{38C64FF8-3CC7-41CB-98C6-50FF8B5B2FAA}.Debug|Any CPU.ActiveCfg = Debug|Any CPU
		{38C64FF8-3CC7-41CB-98C6-50FF8B5B2FAA}.Debug|Any CPU.Build.0 = Debug|Any CPU
		{38C64FF8-3CC7-41CB-98C6-50FF8B5B2FAA}.Release|Any CPU.ActiveCfg = Release|Any CPU
		{38C64FF8-3CC7-41CB-98C6-50FF8B5B2FAA}.Release|Any CPU.Build.0 = Release|Any CPU
		{58B9AB78-9B5F-4F84-A1FE-E6D5E09D7959}.Debug|Any CPU.ActiveCfg = Debug|Any CPU
		{58B9AB78-9B5F-4F84-A1FE-E6D5E09D7959}.Debug|Any CPU.Build.0 = Debug|Any CPU
		{58B9AB78-9B5F-4F84-A1FE-E6D5E09D7959}.Release|Any CPU.ActiveCfg = Release|Any CPU
		{58B9AB78-9B5F-4F84-A1FE-E6D5E09D7959}.Release|Any CPU.Build.0 = Release|Any CPU
		{593F5928-F3CA-4E6E-B8B4-99649DC5FF03}.Debug|Any CPU.ActiveCfg = Debug|Any CPU
		{593F5928-F3CA-4E6E-B8B4-99649DC5FF03}.Debug|Any CPU.Build.0 = Debug|Any CPU
		{593F5928-F3CA-4E6E-B8B4-99649DC5FF03}.Release|Any CPU.ActiveCfg = Release|Any CPU
		{593F5928-F3CA-4E6E-B8B4-99649DC5FF03}.Release|Any CPU.Build.0 = Release|Any CPU
		{BAB6A70A-50DD-43A7-825C-8DD2D7FDB590}.Debug|Any CPU.ActiveCfg = Debug|Any CPU
		{BAB6A70A-50DD-43A7-825C-8DD2D7FDB590}.Debug|Any CPU.Build.0 = Debug|Any CPU
		{BAB6A70A-50DD-43A7-825C-8DD2D7FDB590}.Release|Any CPU.ActiveCfg = Release|Any CPU
		{BAB6A70A-50DD-43A7-825C-8DD2D7FDB590}.Release|Any CPU.Build.0 = Release|Any CPU
		{9516B524-6932-4C6F-9E0F-F22149FBA2E6}.Debug|Any CPU.ActiveCfg = Debug|Any CPU
		{9516B524-6932-4C6F-9E0F-F22149FBA2E6}.Debug|Any CPU.Build.0 = Debug|Any CPU
		{9516B524-6932-4C6F-9E0F-F22149FBA2E6}.Release|Any CPU.ActiveCfg = Release|Any CPU
		{9516B524-6932-4C6F-9E0F-F22149FBA2E6}.Release|Any CPU.Build.0 = Release|Any CPU
		{2BD032F0-D936-472A-B51B-1383357A3A9F}.Debug|Any CPU.ActiveCfg = Debug|Any CPU
		{2BD032F0-D936-472A-B51B-1383357A3A9F}.Debug|Any CPU.Build.0 = Debug|Any CPU
		{2BD032F0-D936-472A-B51B-1383357A3A9F}.Release|Any CPU.ActiveCfg = Release|Any CPU
		{2BD032F0-D936-472A-B51B-1383357A3A9F}.Release|Any CPU.Build.0 = Release|Any CPU
		{6B500834-D256-4DEB-98A0-7AA38E67D4E7}.Debug|Any CPU.ActiveCfg = Debug|Any CPU
		{6B500834-D256-4DEB-98A0-7AA38E67D4E7}.Debug|Any CPU.Build.0 = Debug|Any CPU
		{6B500834-D256-4DEB-98A0-7AA38E67D4E7}.Release|Any CPU.ActiveCfg = Release|Any CPU
		{6B500834-D256-4DEB-98A0-7AA38E67D4E7}.Release|Any CPU.Build.0 = Release|Any CPU
	EndGlobalSection
EndGlobal
